Microsoft Visual Studio Solution File, Format Version 11.00
# Visual Studio 2010
Project("{E097FAD1-6243-4DAD-9C02-E9B9EFC3FFC1}") = "Assembly-CSharp", "Assembly-CSharp.csproj", "{948EAD79-9F1B-211D-39D3-25EE3947DBFE}"
EndProject
Project("{E097FAD1-6243-4DAD-9C02-E9B9EFC3FFC1}") = "Assembly-CSharp-Editor-firstpass", "Assembly-CSharp-Editor-firstpass.csproj", "{95BC7886-C60B-4ACE-0F3E-835D808AF68E}"
EndProject
Global
	GlobalSection(SolutionConfigurationPlatforms) = preSolution
		Debug|Any CPU = Debug|Any CPU
		Release|Any CPU = Release|Any CPU
	EndGlobalSection
	GlobalSection(ProjectConfigurationPlatforms) = postSolution
		{948EAD79-9F1B-211D-39D3-25EE3947DBFE}.Debug|Any CPU.ActiveCfg = Debug|Any CPU
		{948EAD79-9F1B-211D-39D3-25EE3947DBFE}.Debug|Any CPU.Build.0 = Debug|Any CPU
		{948EAD79-9F1B-211D-39D3-25EE3947DBFE}.Release|Any CPU.ActiveCfg = Release|Any CPU
		{948EAD79-9F1B-211D-39D3-25EE3947DBFE}.Release|Any CPU.Build.0 = Release|Any CPU
		{95BC7886-C60B-4ACE-0F3E-835D808AF68E}.Debug|Any CPU.ActiveCfg = Debug|Any CPU
		{95BC7886-C60B-4ACE-0F3E-835D808AF68E}.Debug|Any CPU.Build.0 = Debug|Any CPU
		{95BC7886-C60B-4ACE-0F3E-835D808AF68E}.Release|Any CPU.ActiveCfg = Release|Any CPU
		{95BC7886-C60B-4ACE-0F3E-835D808AF68E}.Release|Any CPU.Build.0 = Release|Any CPU
	EndGlobalSection
	GlobalSection(SolutionProperties) = preSolution
		HideSolutionNode = FALSE
	EndGlobalSection
EndGlobal
